{
  "object": {
    "pins": [
      {
        "package": "CommandLineKit",
        "repositoryURL": "https://github.com/objecthub/swift-commandlinekit.git",
        "state": {
          "branch": null,
          "revision": "58aa1a2285c5b8ad54e874a2bd66f790eb7e1766",
          "version": "1.1.1"
        }
      }
    ]
  },
  "version": 1
}
