{
  "object": {
    "pins": [
      {
        "package": "CommandLineKit",
        "repositoryURL": "https://github.com/objecthub/swift-commandlinekit.git",
        "state": {
          "branch": null,
          "revision": "42fd8de62cbfa53ad3e88717d6d9b1f8c8cea0dd",
          "version": "1.1.2"
        }
      }
    ]
  },
  "version": 1
}
