{
  "object": {
    "pins": [
      {
        "package": "CommandLineKit",
        "repositoryURL": "https://github.com/objecthub/swift-commandlinekit.git",
        "state": {
          "branch": "master",
          "revision": "67f674c5b3a926a80a73dcefa811e5e8c6c1490b",
          "version": null
        }
      }
    ]
  },
  "version": 1
}
