{
  "originHash" : "9ffde6580656bf76436f675d3a50d707e6f388d3d06a5188f8ddb4509d0311b4",
  "pins" : [
    {
      "identity" : "swift-commandlinekit",
      "kind" : "remoteSourceControl",
      "location" : "https://github.com/objecthub/swift-commandlinekit",
      "state" : {
        "branch" : "master",
        "revision" : "9e3362b745aa77db7a15e6ca6b780399aff3cdab"
      }
    }
  ],
  "version" : 3
}
