{
  "originHash" : "9ffde6580656bf76436f675d3a50d707e6f388d3d06a5188f8ddb4509d0311b4",
  "pins" : [
    {
      "identity" : "swift-commandlinekit",
      "kind" : "remoteSourceControl",
      "location" : "https://github.com/objecthub/swift-commandlinekit",
      "state" : {
        "branch" : "master",
        "revision" : "47f07551df79f0d5e88284def5de480fb399b1d0"
      }
    }
  ],
  "version" : 3
}
