{
  "originHash" : "9ffde6580656bf76436f675d3a50d707e6f388d3d06a5188f8ddb4509d0311b4",
  "pins" : [
    {
      "identity" : "swift-commandlinekit",
      "kind" : "remoteSourceControl",
      "location" : "https://github.com/objecthub/swift-commandlinekit",
      "state" : {
        "branch" : "master",
        "revision" : "67f674c5b3a926a80a73dcefa811e5e8c6c1490b"
      }
    }
  ],
  "version" : 3
}
